schema: '2.0'
stages:
  build_corpus:
    cmd: python src/stages/build_corpus.py data/raw/example_context.txt data/processed/corpus.pkl
    deps:
    - path: data/raw/example_context.txt
      hash: md5
      md5: 5491b618c90941c6ddb5c1c55c5be4ba
      size: 7164
    - path: src/stages/build_corpus.py
      hash: md5
      md5: 76f8ce2f4997acf627532affdc6369d5
      size: 918
    outs:
    - path: data/processed/corpus.pkl
      hash: md5
      md5: ea38ce80f5991a76032ebf2d9d084efa
      size: 7366
  build_embedder:
    cmd: python src/stages/build_embedder.py "sentence-transformers/distiluse-base-multilingual-cased-v1"
      data/processed/embedder.pkl
    deps:
    - path: src/stages/build_embedder.py
      hash: md5
      md5: 5f190a62a322f0413d8dfa7555898b85
      size: 762
    outs:
    - path: data/processed/embedder.pkl
      hash: md5
      md5: 00dba4efb02d5c93553612953a730482
      size: 542838783
  build_vectorstore:
    cmd: python src/stages/build_vectorstore.py data/processed/corpus.pkl data/processed/embedder.pkl
      data/processed/chroma
    deps:
    - path: data/processed/corpus.pkl
      hash: md5
      md5: ea38ce80f5991a76032ebf2d9d084efa
      size: 7366
    - path: data/processed/embedder.pkl
      hash: md5
      md5: 00dba4efb02d5c93553612953a730482
      size: 542838783
    - path: src/stages/build_vectorstore.py
      hash: md5
      md5: e4282f990112524267e168ce701b76de
      size: 1188
    outs:
    - path: data/processed/chroma
      hash: md5
      md5: 579077335e4ef92c55ffa260dfdf040b.dir
      size: 2400996
      nfiles: 5
  load_vectorstore:
    cmd: python src/stages/load_vectorstore.py data/processed/chroma data/processed/embedder.pkl
      "Wo braucht es einen agenten?"
    deps:
    - path: data/processed/chroma
      hash: md5
      md5: 9a34a97c7475f17ea61ecef66c051757.dir
      size: 2400996
      nfiles: 5
    - path: data/processed/embedder.pkl
      hash: md5
      md5: 00dba4efb02d5c93553612953a730482
      size: 542838783
    - path: src/stages/load_vectorstore.py
      hash: md5
      md5: b603002a23c0a776aea65e89dfcbbba1
      size: 1084
  build_ft_dataset:
    cmd: python src/stages/build_ft_dataset.py data/processed/ft_dataset.hf
    deps:
    - path: src/stages/build_ft_dataset.py
      hash: md5
      md5: 69c17dd2bd7d17844341841db5dbb06a
      size: 1488
    outs:
    - path: data/processed/ft_dataset.hf
      hash: md5
      md5: 094a8d216f97b748083d1e44fa9e4680.dir
      size: 16029946
      nfiles: 3
